
Microsoft Visual Studio Solution File, Format Version 12.00
# Visual Studio Version 17
VisualStudioVersion = 17.1.32414.318
MinimumVisualStudioVersion = 10.0.40219.1
Project("{888888A0-9F3D-457C-B088-3A5042F75D52}") = "Kohonen_SOM", "Kohonen_SOM\Kohonen_SOM.pyproj", "{DC9E05F0-EE23-407D-AF8D-D5205C473FE8}"
EndProject
Global
	GlobalSection(SolutionConfigurationPlatforms) = preSolution
		Debug|Any CPU = Debug|Any CPU
		Release|Any CPU = Release|Any CPU
	EndGlobalSection
	GlobalSection(ProjectConfigurationPlatforms) = postSolution
		{DC9E05F0-EE23-407D-AF8D-D5205C473FE8}.Debug|Any CPU.ActiveCfg = Debug|Any CPU
		{DC9E05F0-EE23-407D-AF8D-D5205C473FE8}.Release|Any CPU.ActiveCfg = Release|Any CPU
	EndGlobalSection
	GlobalSection(SolutionProperties) = preSolution
		HideSolutionNode = FALSE
	EndGlobalSection
	GlobalSection(ExtensibilityGlobals) = postSolution
		SolutionGuid = {6BC8EF28-CAED-446F-8254-865D081F0C75}
	EndGlobalSection
EndGlobal
